// !$*UTF8*$!
{
	archiveVersion = 1;
	classes = {
	};
	objectVersion = 46;
	objects = {

/* Begin PBXBuildFile section */
		7F67AD741993512000A9133F /* main.m in Sources */ = {isa = PBXBuildFile; fileRef = 7F67AD731993512000A9133F /* main.m */; };
		7F67AD771993512000A9133F /* AppDelegate.m in Sources */ = {isa = PBXBuildFile; fileRef = 7F67AD761993512000A9133F /* AppDelegate.m */; };
		7F67AD791993512000A9133F /* Images.xcassets in Resources */ = {isa = PBXBuildFile; fileRef = 7F67AD781993512000A9133F /* Images.xcassets */; };
		7F67AD851993512000A9133F /* TableTestTests.m in Sources */ = {isa = PBXBuildFile; fileRef = 7F67AD841993512000A9133F /* TableTestTests.m */; };
/* End PBXBuildFile section */

/* Begin PBXContainerItemProxy section */
		7F67AD7F1993512000A9133F /* PBXContainerItemProxy */ = {
			isa = PBXContainerItemProxy;
			containerPortal = 7F67AD661993512000A9133F /* Project object */;
			proxyType = 1;
			remoteGlobalIDString = 7F67AD6D1993512000A9133F;
			remoteInfo = TableTest;
		};
/* End PBXContainerItemProxy section */

/* Begin PBXFileReference section */
		7F67AD6E1993512000A9133F /* TableTest.app */ = {isa = PBXFileReference; explicitFileType = wrapper.application; includeInIndex = 0; path = TableTest.app; sourceTree = BUILT_PRODUCTS_DIR; };
		7F67AD721993512000A9133F /* Info.plist */ = {isa = PBXFileReference; lastKnownFileType = text.plist.xml; path = Info.plist; sourceTree = "<group>"; };
		7F67AD731993512000A9133F /* main.m */ = {isa = PBXFileReference; lastKnownFileType = sourcecode.c.objc; path = main.m; sourceTree = "<group>"; };
		7F67AD751993512000A9133F /* AppDelegate.h */ = {isa = PBXFileReference; lastKnownFileType = sourcecode.c.h; path = AppDelegate.h; sourceTree = "<group>"; };
		7F67AD761993512000A9133F /* AppDelegate.m */ = {isa = PBXFileReference; lastKnownFileType = sourcecode.c.objc; path = AppDelegate.m; sourceTree = "<group>"; };
		7F67AD781993512000A9133F /* Images.xcassets */ = {isa = PBXFileReference; lastKnownFileType = folder.assetcatalog; path = Images.xcassets; sourceTree = "<group>"; };
		7F67AD7E1993512000A9133F /* TableTestTests.xctest */ = {isa = PBXFileReference; explicitFileType = wrapper.cfbundle; includeInIndex = 0; path = TableTestTests.xctest; sourceTree = BUILT_PRODUCTS_DIR; };
		7F67AD831993512000A9133F /* Info.plist */ = {isa = PBXFileReference; lastKnownFileType = text.plist.xml; path = Info.plist; sourceTree = "<group>"; };
		7F67AD841993512000A9133F /* TableTestTests.m */ = {isa = PBXFileReference; lastKnownFileType = sourcecode.c.objc; path = TableTestTests.m; sourceTree = "<group>"; };
/* End PBXFileReference section */

/* Begin PBXFrameworksBuildPhase section */
		7F67AD6B1993512000A9133F /* Frameworks */ = {
			isa = PBXFrameworksBuildPhase;
			buildActionMask = 2147483647;
			files = (
			);
			runOnlyForDeploymentPostprocessing = 0;
		};
		7F67AD7B1993512000A9133F /* Frameworks */ = {
			isa = PBXFrameworksBuildPhase;
			buildActionMask = 2147483647;
			files = (
			);
			runOnlyForDeploymentPostprocessing = 0;
		};
/* End PBXFrameworksBuildPhase section */

/* Begin PBXGroup section */
		7F67AD651993512000A9133F = {
			isa = PBXGroup;
			children = (
				7F67AD701993512000A9133F /* TableTest */,
				7F67AD811993512000A9133F /* TableTestTests */,
				7F67AD6F1993512000A9133F /* Products */,
			);
			sourceTree = "<group>";
		};
		7F67AD6F1993512000A9133F /* Products */ = {
			isa = PBXGroup;
			children = (
				7F67AD6E1993512000A9133F /* TableTest.app */,
				7F67AD7E1993512000A9133F /* TableTestTests.xctest */,
			);
			name = Products;
			sourceTree = "<group>";
		};
		7F67AD701993512000A9133F /* TableTest */ = {
			isa = PBXGroup;
			children = (
				7F67AD751993512000A9133F /* AppDelegate.h */,
				7F67AD761993512000A9133F /* AppDelegate.m */,
				7F67AD781993512000A9133F /* Images.xcassets */,
				7F67AD711993512000A9133F /* Supporting Files */,
			);
			path = TableTest;
			sourceTree = "<group>";
		};
		7F67AD711993512000A9133F /* Supporting Files */ = {
			isa = PBXGroup;
			children = (
				7F67AD721993512000A9133F /* Info.plist */,
				7F67AD731993512000A9133F /* main.m */,
			);
			name = "Supporting Files";
			sourceTree = "<group>";
		};
		7F67AD811993512000A9133F /* TableTestTests */ = {
			isa = PBXGroup;
			children = (
				7F67AD841993512000A9133F /* TableTestTests.m */,
				7F67AD821993512000A9133F /* Supporting Files */,
			);
			path = TableTestTests;
			sourceTree = "<group>";
		};
		7F67AD821993512000A9133F /* Supporting Files */ = {
			isa = PBXGroup;
			children = (
				7F67AD831993512000A9133F /* Info.plist */,
			);
			name = "Supporting Files";
			sourceTree = "<group>";
		};
/* End PBXGroup section */

/* Begin PBXNativeTarget section */
		7F67AD6D1993512000A9133F /* TableTest */ = {
			isa = PBXNativeTarget;
			buildConfigurationList = 7F67AD881993512000A9133F /* Build configuration list for PBXNativeTarget "TableTest" */;
			buildPhases = (
				7F67AD6A1993512000A9133F /* Sources */,
				7F67AD6B1993512000A9133F /* Frameworks */,
				7F67AD6C1993512000A9133F /* Resources */,
			);
			buildRules = (
			);
			dependencies = (
			);
			name = TableTest;
			productName = TableTest;
			productReference = 7F67AD6E1993512000A9133F /* TableTest.app */;
			productType = "com.apple.product-type.application";
		};
		7F67AD7D1993512000A9133F /* TableTestTests */ = {
			isa = PBXNativeTarget;
			buildConfigurationList = 7F67AD8B1993512000A9133F /* Build configuration list for PBXNativeTarget "TableTestTests" */;
			buildPhases = (
				7F67AD7A1993512000A9133F /* Sources */,
				7F67AD7B1993512000A9133F /* Frameworks */,
				7F67AD7C1993512000A9133F /* Resources */,
			);
			buildRules = (
			);
			dependencies = (
				7F67AD801993512000A9133F /* PBXTargetDependency */,
			);
			name = TableTestTests;
			productName = TableTestTests;
			productReference = 7F67AD7E1993512000A9133F /* TableTestTests.xctest */;
			productType = "com.apple.product-type.bundle.unit-test";
		};
/* End PBXNativeTarget section */

/* Begin PBXProject section */
		7F67AD661993512000A9133F /* Project object */ = {
			isa = PBXProject;
			attributes = {
				LastUpgradeCheck = 0600;
				ORGANIZATIONNAME = yize;
				TargetAttributes = {
					7F67AD6D1993512000A9133F = {
						CreatedOnToolsVersion = 6.0;
					};
					7F67AD7D1993512000A9133F = {
						CreatedOnToolsVersion = 6.0;
						TestTargetID = 7F67AD6D1993512000A9133F;
					};
				};
			};
			buildConfigurationList = 7F67AD691993512000A9133F /* Build configuration list for PBXProject "TableTest" */;
			compatibilityVersion = "Xcode 3.2";
			developmentRegion = English;
			hasScannedForEncodings = 0;
			knownRegions = (
				en,
			);
			mainGroup = 7F67AD651993512000A9133F;
			productRefGroup = 7F67AD6F1993512000A9133F /* Products */;
			projectDirPath = "";
			projectRoot = "";
			targets = (
				7F67AD6D1993512000A9133F /* TableTest */,
				7F67AD7D1993512000A9133F /* TableTestTests */,
			);
		};
/* End PBXProject section */

/* Begin PBXResourcesBuildPhase section */
		7F67AD6C1993512000A9133F /* Resources */ = {
			isa = PBXResourcesBuildPhase;
			buildActionMask = 2147483647;
			files = (
				7F67AD791993512000A9133F /* Images.xcassets in Resources */,
			);
			runOnlyForDeploymentPostprocessing = 0;
		};
		7F67AD7C1993512000A9133F /* Resources */ = {
			isa = PBXResourcesBuildPhase;
			buildActionMask = 2147483647;
			files = (
			);
			runOnlyForDeploymentPostprocessing = 0;
		};
/* End PBXResourcesBuildPhase section */

/* Begin PBXSourcesBuildPhase section */
		7F67AD6A1993512000A9133F /* Sources */ = {
			isa = PBXSourcesBuildPhase;
			buildActionMask = 2147483647;
			files = (
				7F67AD771993512000A9133F /* AppDelegate.m in Sources */,
				7F67AD741993512000A9133F /* main.m in Sources */,
			);
			runOnlyForDeploymentPostprocessing = 0;
		};
		7F67AD7A1993512000A9133F /* Sources */ = {
			isa = PBXSourcesBuildPhase;
			buildActionMask = 2147483647;
			files = (
				7F67AD851993512000A9133F /* TableTestTests.m in Sources */,
			);
			runOnlyForDeploymentPostprocessing = 0;
		};
/* End PBXSourcesBuildPhase section */

/* Begin PBXTargetDependency section */
		7F67AD801993512000A9133F /* PBXTargetDependency */ = {
			isa = PBXTargetDependency;
			target = 7F67AD6D1993512000A9133F /* TableTest */;
			targetProxy = 7F67AD7F1993512000A9133F /* PBXContainerItemProxy */;
		};
/* End PBXTargetDependency section */

/* Begin XCBuildConfiguration section */
		7F67AD861993512000A9133F /* Debug */ = {
			isa = XCBuildConfiguration;
			buildSettings = {
				ALWAYS_SEARCH_USER_PATHS = NO;
				CLANG_CXX_LANGUAGE_STANDARD = "gnu++0x";
				CLANG_CXX_LIBRARY = "libc++";
				CLANG_ENABLE_MODULES = YES;
				CLANG_ENABLE_OBJC_ARC = YES;
				CLANG_WARN_BOOL_CONVERSION = YES;
				CLANG_WARN_CONSTANT_CONVERSION = YES;
				CLANG_WARN_DIRECT_OBJC_ISA_USAGE = YES_ERROR;
				CLANG_WARN_EMPTY_BODY = YES;
				CLANG_WARN_ENUM_CONVERSION = YES;
				CLANG_WARN_INT_CONVERSION = YES;
				CLANG_WARN_OBJC_ROOT_CLASS = YES_ERROR;
				CLANG_WARN_UNREACHABLE_CODE = YES;
				CLANG_WARN__DUPLICATE_METHOD_MATCH = YES;
				"CODE_SIGN_IDENTITY[sdk=iphoneos*]" = "iPhone Developer";
				COPY_PHASE_STRIP = NO;
				ENABLE_STRICT_OBJC_MSGSEND = YES;
				GCC_C_LANGUAGE_STANDARD = gnu99;
				GCC_DYNAMIC_NO_PIC = NO;
				GCC_OPTIMIZATION_LEVEL = 0;
				GCC_PREPROCESSOR_DEFINITIONS = (
					"DEBUG=1",
					"$(inherited)",
				);
				GCC_SYMBOLS_PRIVATE_EXTERN = NO;
				GCC_WARN_64_TO_32_BIT_CONVERSION = YES;
				GCC_WARN_ABOUT_RETURN_TYPE = YES_ERROR;
				GCC_WARN_UNDECLARED_SELECTOR = YES;
				GCC_WARN_UNINITIALIZED_AUTOS = YES_AGGRESSIVE;
				GCC_WARN_UNUSED_FUNCTION = YES;
				GCC_WARN_UNUSED_VARIABLE = YES;
				IPHONEOS_DEPLOYMENT_TARGET = 8.0;
				METAL_ENABLE_DEBUG_INFO = YES;
				ONLY_ACTIVE_ARCH = YES;
				SDKROOT = iphoneos;
				TARGETED_DEVICE_FAMILY = "1,2";
			};
			name = Debug;
		};
		7F67AD871993512000A9133F /* Release */ = {
			isa = XCBuildConfiguration;
			buildSettings = {
				ALWAYS_SEARCH_USER_PATHS = NO;
				CLANG_CXX_LANGUAGE_STANDARD = "gnu++0x";
				CLANG_CXX_LIBRARY = "libc++";
				CLANG_ENABLE_MODULES = YES;
				CLANG_ENABLE_OBJC_ARC = YES;
				CLANG_WARN_BOOL_CONVERSION = YES;
				CLANG_WARN_CONSTANT_CONVERSION = YES;
				CLANG_WARN_DIRECT_OBJC_ISA_USAGE = YES_ERROR;
				CLANG_WARN_EMPTY_BODY = YES;
				CLANG_WARN_ENUM_CONVERSION = YES;
				CLANG_WARN_INT_CONVERSION = YES;
				CLANG_WARN_OBJC_ROOT_CLASS = YES_ERROR;
				CLANG_WARN_UNREACHABLE_CODE = YES;
				CLANG_WARN__DUPLICATE_METHOD_MATCH = YES;
				"CODE_SIGN_IDENTITY[sdk=iphoneos*]" = "iPhone Developer";
				COPY_PHASE_STRIP = YES;
				ENABLE_NS_ASSERTIONS = NO;
				ENABLE_STRICT_OBJC_MSGSEND = YES;
				GCC_C_LANGUAGE_STANDARD = gnu99;
				GCC_WARN_64_TO_32_BIT_CONVERSION = YES;
				GCC_WARN_ABOUT_RETURN_TYPE = YES_ERROR;
				GCC_WARN_UNDECLARED_SELECTOR = YES;
				GCC_WARN_UNINITIALIZED_AUTOS = YES_AGGRESSIVE;
				GCC_WARN_UNUSED_FUNCTION = YES;
				GCC_WARN_UNUSED_VARIABLE = YES;
				IPHONEOS_DEPLOYMENT_TARGET = 8.0;
				METAL_ENABLE_DEBUG_INFO = NO;
				SDKROOT = iphoneos;
				TARGETED_DEVICE_FAMILY = "1,2";
				VALIDATE_PRODUCT = YES;
			};
			name = Release;
		};
		7F67AD891993512000A9133F /* Debug */ = {
			isa = XCBuildConfiguration;
			buildSettings = {
				ASSETCATALOG_COMPILER_APPICON_NAME = AppIcon;
				ASSETCATALOG_COMPILER_LAUNCHIMAGE_NAME = LaunchImage;
				INFOPLIST_FILE = TableTest/Info.plist;
				LD_RUNPATH_SEARCH_PATHS = "$(inherited) @executable_path/Frameworks";
				PRODUCT_NAME = "$(TARGET_NAME)";
			};
			name = Debug;
		};
		7F67AD8A1993512000A9133F /* Release */ = {
			isa = XCBuildConfiguration;
			buildSettings = {
				ASSETCATALOG_COMPILER_APPICON_NAME = AppIcon;
				ASSETCATALOG_COMPILER_LAUNCHIMAGE_NAME = LaunchImage;
				INFOPLIST_FILE = TableTest/Info.plist;
				LD_RUNPATH_SEARCH_PATHS = "$(inherited) @executable_path/Frameworks";
				PRODUCT_NAME = "$(TARGET_NAME)";
			};
			name = Release;
		};
		7F67AD8C1993512000A9133F /* Debug */ = {
			isa = XCBuildConfiguration;
			buildSettings = {
				BUNDLE_LOADER = "$(BUILT_PRODUCTS_DIR)/TableTest.app/TableTest";
				FRAMEWORK_SEARCH_PATHS = (
					"$(SDKROOT)/Developer/Library/Frameworks",
					"$(inherited)",
				);
				GCC_PREPROCESSOR_DEFINITIONS = (
					"DEBUG=1",
					"$(inherited)",
				);
				INFOPLIST_FILE = TableTestTests/Info.plist;
				LD_RUNPATH_SEARCH_PATHS = "$(inherited) @executable_path/Frameworks @loader_path/Frameworks";
				METAL_ENABLE_DEBUG_INFO = YES;
				PRODUCT_NAME = "$(TARGET_NAME)";
				TEST_HOST = "$(BUNDLE_LOADER)";
			};
			name = Debug;
		};
		7F67AD8D1993512000A9133F /* Release */ = {
			isa = XCBuildConfiguration;
			buildSettings = {
				BUNDLE_LOADER = "$(BUILT_PRODUCTS_DIR)/TableTest.app/TableTest";
				FRAMEWORK_SEARCH_PATHS = (
					"$(SDKROOT)/Developer/Library/Frameworks",
					"$(inherited)",
				);
				INFOPLIST_FILE = TableTestTests/Info.plist;
				LD_RUNPATH_SEARCH_PATHS = "$(inherited) @executable_path/Frameworks @loader_path/Frameworks";
				METAL_ENABLE_DEBUG_INFO = NO;
				PRODUCT_NAME = "$(TARGET_NAME)";
				TEST_HOST = "$(BUNDLE_LOADER)";
			};
			name = Release;
		};
/* End XCBuildConfiguration section */

/* Begin XCConfigurationList section */
		7F67AD691993512000A9133F /* Build configuration list for PBXProject "TableTest" */ = {
			isa = XCConfigurationList;
			buildConfigurations = (
				7F67AD861993512000A9133F /* Debug */,
				7F67AD871993512000A9133F /* Release */,
			);
			defaultConfigurationIsVisible = 0;
			defaultConfigurationName = Release;
		};
		7F67AD881993512000A9133F /* Build configuration list for PBXNativeTarget "TableTest" */ = {
			isa = XCConfigurationList;
			buildConfigurations = (
				7F67AD891993512000A9133F /* Debug */,
				7F67AD8A1993512000A9133F /* Release */,
			);
			defaultConfigurationIsVisible = 0;
		};
		7F67AD8B1993512000A9133F /* Build configuration list for PBXNativeTarget "TableTestTests" */ = {
			isa = XCConfigurationList;
			buildConfigurations = (
				7F67AD8C1993512000A9133F /* Debug */,
				7F67AD8D1993512000A9133F /* Release */,
			);
			defaultConfigurationIsVisible = 0;
		};
/* End XCConfigurationList section */
	};
	rootObject = 7F67AD661993512000A9133F /* Project object */;
}
